{
    "_readme": [
        "This file locks the dependencies of your project to a known state",
        "Read more about it at https://getcomposer.org/doc/01-basic-usage.md#composer-lock-the-lock-file",
        "This file is @generated automatically"
    ],
    "content-hash": "435abfcf2049cfdb5683344183cdecea",
    "packages": [
        {
            "name": "amnuts/opcache-gui",
            "version": "dev-master",
            "source": {
                "type": "git",
                "url": "https://github.com/amnuts/opcache-gui.git",
                "reference": "9ae69808790b1bf0c14c5cb9014b5e97db7fa436"
            },
            "dist": {
                "type": "zip",
                "url": "https://api.github.com/repos/amnuts/opcache-gui/zipball/9ae69808790b1bf0c14c5cb9014b5e97db7fa436",
                "reference": "9ae69808790b1bf0c14c5cb9014b5e97db7fa436",
                "shasum": ""
            },
            "require": {
                "ext-zend-opcache": "*",
                "php": ">=5.4"
            },
            "type": "library",
            "autoload": {
                "psr-4": {
                    "OpcacheGui\\": "/"
                }
            },
            "notification-url": "https://packagist.org/downloads/",
            "license": [
                "MIT"
            ],
            "authors": [
                {
                    "name": "Andrew Collington",
                    "email": "andy@amnuts.com",
                    "homepage": "http://www.amnuts.com/",
                    "role": "Developer"
                },
                {
                    "name": "Contributors",
                    "homepage": "https://github.com/amnuts/opcache-gui/graphs/contributors"
                }
            ],
            "description": "A clean, effective and responsive interface for Zend OPcache, with real(ish)-time monitoring, filtering and the ability to invalidate files",
            "keywords": [
                "Opcache",
                "cache",
                "gui",
                "interface",
                "opcodes"
            ],
            "time": "2017-07-31T13:25:14+00:00"
        }
    ],
    "packages-dev": [],
    "aliases": [],
    "minimum-stability": "dev",
    "stability-flags": {
        "amnuts/opcache-gui": 20
    },
    "prefer-stable": false,
    "prefer-lowest": false,
    "platform": [],
    "platform-dev": []
}
